
Microsoft Visual Studio Solution File, Format Version 12.00
# Visual Studio 15
VisualStudioVersion = 15.0.26124.0
MinimumVisualStudioVersion = 15.0.26124.0
Project("{FAE04EC0-301F-11D3-BF4B-00C04F79EFBC}") = "R5T.Hladir.CSharp.Standard.Construction", "R5T.Hladir.CSharp.Standard.Construction\R5T.Hladir.CSharp.Standard.Construction.csproj", "{CD94792E-C66B-4EA3-AB6C-9273E4DD661B}"
EndProject
Project("{FAE04EC0-301F-11D3-BF4B-00C04F79EFBC}") = "R5T.Hladir.CSharp.Standard", "R5T.Hladir.CSharp.Standard\R5T.Hladir.CSharp.Standard.csproj", "{1717826D-03DD-4C09-A99C-532CDB6F4118}"
EndProject
Project("{FAE04EC0-301F-11D3-BF4B-00C04F79EFBC}") = "R5T.Hladir.CSharp.Standard.Testing", "R5T.Hladir.CSharp.Standard.Testing\R5T.Hladir.CSharp.Standard.Testing.csproj", "{10723C1E-1DE2-46F7-9839-100BAEC7A103}"
EndProject
Global
	GlobalSection(SolutionConfigurationPlatforms) = preSolution
		Debug|Any CPU = Debug|Any CPU
		Debug|x64 = Debug|x64
		Debug|x86 = Debug|x86
		Release|Any CPU = Release|Any CPU
		Release|x64 = Release|x64
		Release|x86 = Release|x86
	EndGlobalSection
	GlobalSection(SolutionProperties) = preSolution
		HideSolutionNode = FALSE
	EndGlobalSection
	GlobalSection(ProjectConfigurationPlatforms) = postSolution
		{CD94792E-C66B-4EA3-AB6C-9273E4DD661B}.Debug|Any CPU.ActiveCfg = Debug|Any CPU
		{CD94792E-C66B-4EA3-AB6C-9273E4DD661B}.Debug|Any CPU.Build.0 = Debug|Any CPU
		{CD94792E-C66B-4EA3-AB6C-9273E4DD661B}.Debug|x64.ActiveCfg = Debug|Any CPU
		{CD94792E-C66B-4EA3-AB6C-9273E4DD661B}.Debug|x64.Build.0 = Debug|Any CPU
		{CD94792E-C66B-4EA3-AB6C-9273E4DD661B}.Debug|x86.ActiveCfg = Debug|Any CPU
		{CD94792E-C66B-4EA3-AB6C-9273E4DD661B}.Debug|x86.Build.0 = Debug|Any CPU
		{CD94792E-C66B-4EA3-AB6C-9273E4DD661B}.Release|Any CPU.ActiveCfg = Release|Any CPU
		{CD94792E-C66B-4EA3-AB6C-9273E4DD661B}.Release|Any CPU.Build.0 = Release|Any CPU
		{CD94792E-C66B-4EA3-AB6C-9273E4DD661B}.Release|x64.ActiveCfg = Release|Any CPU
		{CD94792E-C66B-4EA3-AB6C-9273E4DD661B}.Release|x64.Build.0 = Release|Any CPU
		{CD94792E-C66B-4EA3-AB6C-9273E4DD661B}.Release|x86.ActiveCfg = Release|Any CPU
		{CD94792E-C66B-4EA3-AB6C-9273E4DD661B}.Release|x86.Build.0 = Release|Any CPU
		{1717826D-03DD-4C09-A99C-532CDB6F4118}.Debug|Any CPU.ActiveCfg = Debug|Any CPU
		{1717826D-03DD-4C09-A99C-532CDB6F4118}.Debug|Any CPU.Build.0 = Debug|Any CPU
		{1717826D-03DD-4C09-A99C-532CDB6F4118}.Debug|x64.ActiveCfg = Debug|Any CPU
		{1717826D-03DD-4C09-A99C-532CDB6F4118}.Debug|x64.Build.0 = Debug|Any CPU
		{1717826D-03DD-4C09-A99C-532CDB6F4118}.Debug|x86.ActiveCfg = Debug|Any CPU
		{1717826D-03DD-4C09-A99C-532CDB6F4118}.Debug|x86.Build.0 = Debug|Any CPU
		{1717826D-03DD-4C09-A99C-532CDB6F4118}.Release|Any CPU.ActiveCfg = Release|Any CPU
		{1717826D-03DD-4C09-A99C-532CDB6F4118}.Release|Any CPU.Build.0 = Release|Any CPU
		{1717826D-03DD-4C09-A99C-532CDB6F4118}.Release|x64.ActiveCfg = Release|Any CPU
		{1717826D-03DD-4C09-A99C-532CDB6F4118}.Release|x64.Build.0 = Release|Any CPU
		{1717826D-03DD-4C09-A99C-532CDB6F4118}.Release|x86.ActiveCfg = Release|Any CPU
		{1717826D-03DD-4C09-A99C-532CDB6F4118}.Release|x86.Build.0 = Release|Any CPU
		{10723C1E-1DE2-46F7-9839-100BAEC7A103}.Debug|Any CPU.ActiveCfg = Debug|Any CPU
		{10723C1E-1DE2-46F7-9839-100BAEC7A103}.Debug|Any CPU.Build.0 = Debug|Any CPU
		{10723C1E-1DE2-46F7-9839-100BAEC7A103}.Debug|x64.ActiveCfg = Debug|Any CPU
		{10723C1E-1DE2-46F7-9839-100BAEC7A103}.Debug|x64.Build.0 = Debug|Any CPU
		{10723C1E-1DE2-46F7-9839-100BAEC7A103}.Debug|x86.ActiveCfg = Debug|Any CPU
		{10723C1E-1DE2-46F7-9839-100BAEC7A103}.Debug|x86.Build.0 = Debug|Any CPU
		{10723C1E-1DE2-46F7-9839-100BAEC7A103}.Release|Any CPU.ActiveCfg = Release|Any CPU
		{10723C1E-1DE2-46F7-9839-100BAEC7A103}.Release|Any CPU.Build.0 = Release|Any CPU
		{10723C1E-1DE2-46F7-9839-100BAEC7A103}.Release|x64.ActiveCfg = Release|Any CPU
		{10723C1E-1DE2-46F7-9839-100BAEC7A103}.Release|x64.Build.0 = Release|Any CPU
		{10723C1E-1DE2-46F7-9839-100BAEC7A103}.Release|x86.ActiveCfg = Release|Any CPU
		{10723C1E-1DE2-46F7-9839-100BAEC7A103}.Release|x86.Build.0 = Release|Any CPU
	EndGlobalSection
EndGlobal
