
Microsoft Visual Studio Solution File, Format Version 12.00
# Visual Studio 15
VisualStudioVersion = 15.0.26124.0
MinimumVisualStudioVersion = 15.0.26124.0
Project("{9A19103F-16F7-4668-BE54-9A1E7A4F7556}") = "R5T.Hladir.CSharp.Standard.Construction", "R5T.Hladir.CSharp.Standard.Construction\R5T.Hladir.CSharp.Standard.Construction.csproj", "{CD94792E-C66B-4EA3-AB6C-9273E4DD661B}"
EndProject
Project("{9A19103F-16F7-4668-BE54-9A1E7A4F7556}") = "R5T.Hladir.CSharp.Standard", "R5T.Hladir.CSharp.Standard\R5T.Hladir.CSharp.Standard.csproj", "{1717826D-03DD-4C09-A99C-532CDB6F4118}"
EndProject
Project("{9A19103F-16F7-4668-BE54-9A1E7A4F7556}") = "R5T.Hladir.CSharp.Standard.Testing", "R5T.Hladir.CSharp.Standard.Testing\R5T.Hladir.CSharp.Standard.Testing.csproj", "{10723C1E-1DE2-46F7-9839-100BAEC7A103}"
EndProject
Project("{2150E333-8FDC-42A3-9474-1A3956D46DE8}") = "_Dependencies", "_Dependencies", "{D833D6CF-6AC7-4BFA-A1CF-77867475F664}"
EndProject
Project("{9A19103F-16F7-4668-BE54-9A1E7A4F7556}") = "R5T.Hladir.CSharp", "..\..\R5T.Hladir.CSharp\source\R5T.Hladir.CSharp\R5T.Hladir.CSharp.csproj", "{273FFF87-CA69-4471-AC0F-EBC7D4FF5951}"
EndProject
Project("{9A19103F-16F7-4668-BE54-9A1E7A4F7556}") = "R5T.Dacia.Extensions", "..\..\R5T.Dacia.Extensions\source\R5T.Dacia.Extensions\R5T.Dacia.Extensions.csproj", "{3C20A6BB-E127-4CC2-9A41-51FAFF29FD12}"
EndProject
Project("{9A19103F-16F7-4668-BE54-9A1E7A4F7556}") = "R5T.Dacia", "..\..\R5T.Dacia\source\R5T.Dacia\R5T.Dacia.csproj", "{148E457C-5A78-43AE-9982-F39AD4084AB0}"
EndProject
Project("{9A19103F-16F7-4668-BE54-9A1E7A4F7556}") = "R5T.Hladir.Base", "..\..\R5T.Hladir.Base\source\R5T.Hladir.Base\R5T.Hladir.Base.csproj", "{F215ED64-1009-4915-AEEB-BC242E76758B}"
EndProject
Project("{9A19103F-16F7-4668-BE54-9A1E7A4F7556}") = "R5T.Lombardy.Base", "..\..\R5T.Lombardy.Base\source\R5T.Lombardy.Base\R5T.Lombardy.Base.csproj", "{DCD6C216-FDFE-4269-9F24-C9E60670059F}"
EndProject
Project("{9A19103F-16F7-4668-BE54-9A1E7A4F7556}") = "R5T.Lombardy.Standard", "..\..\R5T.Lombardy.Standard\source\R5T.Lombardy.Standard\R5T.Lombardy.Standard.csproj", "{7C4551F8-C8C1-4229-8384-CEC71645F3E0}"
EndProject
Project("{9A19103F-16F7-4668-BE54-9A1E7A4F7556}") = "R5T.Lombardy", "..\..\R5T.Lombardy\source\R5T.Lombardy\R5T.Lombardy.csproj", "{70AFBD83-12AD-4E64-B0C3-D4AF7CE981A2}"
EndProject
Project("{9A19103F-16F7-4668-BE54-9A1E7A4F7556}") = "R5T.Cherusci", "..\..\R5T.Cherusci\source\R5T.Cherusci\R5T.Cherusci.csproj", "{3431DC8A-9CCF-47B8-B5AF-2560BDD61231}"
EndProject
Project("{9A19103F-16F7-4668-BE54-9A1E7A4F7556}") = "R5T.Magyar", "..\..\R5T.Magyar\source\R5T.Magyar\R5T.Magyar.csproj", "{C1EF5803-CCF4-4D35-9967-4EB05D0B0B27}"
EndProject
Project("{9A19103F-16F7-4668-BE54-9A1E7A4F7556}") = "R5T.Rugia", "..\..\R5T.Rugia\source\R5T.Rugia\R5T.Rugia.csproj", "{9268434A-A30A-4D90-AAEA-AD6657FE2369}"
EndProject
Project("{9A19103F-16F7-4668-BE54-9A1E7A4F7556}") = "R5T.Rugia.Base", "..\..\R5T.Rugia.Base\source\R5T.Rugia.Base\R5T.Rugia.Base.csproj", "{91609195-1843-4763-9445-57127E7C5A23}"
EndProject
Global
	GlobalSection(SolutionConfigurationPlatforms) = preSolution
		Debug|Any CPU = Debug|Any CPU
		Debug|x64 = Debug|x64
		Debug|x86 = Debug|x86
		Release|Any CPU = Release|Any CPU
		Release|x64 = Release|x64
		Release|x86 = Release|x86
	EndGlobalSection
	GlobalSection(ProjectConfigurationPlatforms) = postSolution
		{CD94792E-C66B-4EA3-AB6C-9273E4DD661B}.Debug|Any CPU.ActiveCfg = Debug|Any CPU
		{CD94792E-C66B-4EA3-AB6C-9273E4DD661B}.Debug|Any CPU.Build.0 = Debug|Any CPU
		{CD94792E-C66B-4EA3-AB6C-9273E4DD661B}.Debug|x64.ActiveCfg = Debug|Any CPU
		{CD94792E-C66B-4EA3-AB6C-9273E4DD661B}.Debug|x64.Build.0 = Debug|Any CPU
		{CD94792E-C66B-4EA3-AB6C-9273E4DD661B}.Debug|x86.ActiveCfg = Debug|Any CPU
		{CD94792E-C66B-4EA3-AB6C-9273E4DD661B}.Debug|x86.Build.0 = Debug|Any CPU
		{CD94792E-C66B-4EA3-AB6C-9273E4DD661B}.Release|Any CPU.ActiveCfg = Release|Any CPU
		{CD94792E-C66B-4EA3-AB6C-9273E4DD661B}.Release|Any CPU.Build.0 = Release|Any CPU
		{CD94792E-C66B-4EA3-AB6C-9273E4DD661B}.Release|x64.ActiveCfg = Release|Any CPU
		{CD94792E-C66B-4EA3-AB6C-9273E4DD661B}.Release|x64.Build.0 = Release|Any CPU
		{CD94792E-C66B-4EA3-AB6C-9273E4DD661B}.Release|x86.ActiveCfg = Release|Any CPU
		{CD94792E-C66B-4EA3-AB6C-9273E4DD661B}.Release|x86.Build.0 = Release|Any CPU
		{1717826D-03DD-4C09-A99C-532CDB6F4118}.Debug|Any CPU.ActiveCfg = Debug|Any CPU
		{1717826D-03DD-4C09-A99C-532CDB6F4118}.Debug|Any CPU.Build.0 = Debug|Any CPU
		{1717826D-03DD-4C09-A99C-532CDB6F4118}.Debug|x64.ActiveCfg = Debug|Any CPU
		{1717826D-03DD-4C09-A99C-532CDB6F4118}.Debug|x64.Build.0 = Debug|Any CPU
		{1717826D-03DD-4C09-A99C-532CDB6F4118}.Debug|x86.ActiveCfg = Debug|Any CPU
		{1717826D-03DD-4C09-A99C-532CDB6F4118}.Debug|x86.Build.0 = Debug|Any CPU
		{1717826D-03DD-4C09-A99C-532CDB6F4118}.Release|Any CPU.ActiveCfg = Release|Any CPU
		{1717826D-03DD-4C09-A99C-532CDB6F4118}.Release|Any CPU.Build.0 = Release|Any CPU
		{1717826D-03DD-4C09-A99C-532CDB6F4118}.Release|x64.ActiveCfg = Release|Any CPU
		{1717826D-03DD-4C09-A99C-532CDB6F4118}.Release|x64.Build.0 = Release|Any CPU
		{1717826D-03DD-4C09-A99C-532CDB6F4118}.Release|x86.ActiveCfg = Release|Any CPU
		{1717826D-03DD-4C09-A99C-532CDB6F4118}.Release|x86.Build.0 = Release|Any CPU
		{10723C1E-1DE2-46F7-9839-100BAEC7A103}.Debug|Any CPU.ActiveCfg = Debug|Any CPU
		{10723C1E-1DE2-46F7-9839-100BAEC7A103}.Debug|Any CPU.Build.0 = Debug|Any CPU
		{10723C1E-1DE2-46F7-9839-100BAEC7A103}.Debug|x64.ActiveCfg = Debug|Any CPU
		{10723C1E-1DE2-46F7-9839-100BAEC7A103}.Debug|x64.Build.0 = Debug|Any CPU
		{10723C1E-1DE2-46F7-9839-100BAEC7A103}.Debug|x86.ActiveCfg = Debug|Any CPU
		{10723C1E-1DE2-46F7-9839-100BAEC7A103}.Debug|x86.Build.0 = Debug|Any CPU
		{10723C1E-1DE2-46F7-9839-100BAEC7A103}.Release|Any CPU.ActiveCfg = Release|Any CPU
		{10723C1E-1DE2-46F7-9839-100BAEC7A103}.Release|Any CPU.Build.0 = Release|Any CPU
		{10723C1E-1DE2-46F7-9839-100BAEC7A103}.Release|x64.ActiveCfg = Release|Any CPU
		{10723C1E-1DE2-46F7-9839-100BAEC7A103}.Release|x64.Build.0 = Release|Any CPU
		{10723C1E-1DE2-46F7-9839-100BAEC7A103}.Release|x86.ActiveCfg = Release|Any CPU
		{10723C1E-1DE2-46F7-9839-100BAEC7A103}.Release|x86.Build.0 = Release|Any CPU
		{273FFF87-CA69-4471-AC0F-EBC7D4FF5951}.Debug|Any CPU.ActiveCfg = Debug|Any CPU
		{273FFF87-CA69-4471-AC0F-EBC7D4FF5951}.Debug|Any CPU.Build.0 = Debug|Any CPU
		{273FFF87-CA69-4471-AC0F-EBC7D4FF5951}.Debug|x64.ActiveCfg = Debug|Any CPU
		{273FFF87-CA69-4471-AC0F-EBC7D4FF5951}.Debug|x64.Build.0 = Debug|Any CPU
		{273FFF87-CA69-4471-AC0F-EBC7D4FF5951}.Debug|x86.ActiveCfg = Debug|Any CPU
		{273FFF87-CA69-4471-AC0F-EBC7D4FF5951}.Debug|x86.Build.0 = Debug|Any CPU
		{273FFF87-CA69-4471-AC0F-EBC7D4FF5951}.Release|Any CPU.ActiveCfg = Release|Any CPU
		{273FFF87-CA69-4471-AC0F-EBC7D4FF5951}.Release|Any CPU.Build.0 = Release|Any CPU
		{273FFF87-CA69-4471-AC0F-EBC7D4FF5951}.Release|x64.ActiveCfg = Release|Any CPU
		{273FFF87-CA69-4471-AC0F-EBC7D4FF5951}.Release|x64.Build.0 = Release|Any CPU
		{273FFF87-CA69-4471-AC0F-EBC7D4FF5951}.Release|x86.ActiveCfg = Release|Any CPU
		{273FFF87-CA69-4471-AC0F-EBC7D4FF5951}.Release|x86.Build.0 = Release|Any CPU
		{3C20A6BB-E127-4CC2-9A41-51FAFF29FD12}.Debug|Any CPU.ActiveCfg = Debug|Any CPU
		{3C20A6BB-E127-4CC2-9A41-51FAFF29FD12}.Debug|Any CPU.Build.0 = Debug|Any CPU
		{3C20A6BB-E127-4CC2-9A41-51FAFF29FD12}.Debug|x64.ActiveCfg = Debug|Any CPU
		{3C20A6BB-E127-4CC2-9A41-51FAFF29FD12}.Debug|x64.Build.0 = Debug|Any CPU
		{3C20A6BB-E127-4CC2-9A41-51FAFF29FD12}.Debug|x86.ActiveCfg = Debug|Any CPU
		{3C20A6BB-E127-4CC2-9A41-51FAFF29FD12}.Debug|x86.Build.0 = Debug|Any CPU
		{3C20A6BB-E127-4CC2-9A41-51FAFF29FD12}.Release|Any CPU.ActiveCfg = Release|Any CPU
		{3C20A6BB-E127-4CC2-9A41-51FAFF29FD12}.Release|Any CPU.Build.0 = Release|Any CPU
		{3C20A6BB-E127-4CC2-9A41-51FAFF29FD12}.Release|x64.ActiveCfg = Release|Any CPU
		{3C20A6BB-E127-4CC2-9A41-51FAFF29FD12}.Release|x64.Build.0 = Release|Any CPU
		{3C20A6BB-E127-4CC2-9A41-51FAFF29FD12}.Release|x86.ActiveCfg = Release|Any CPU
		{3C20A6BB-E127-4CC2-9A41-51FAFF29FD12}.Release|x86.Build.0 = Release|Any CPU
		{148E457C-5A78-43AE-9982-F39AD4084AB0}.Debug|Any CPU.ActiveCfg = Debug|Any CPU
		{148E457C-5A78-43AE-9982-F39AD4084AB0}.Debug|Any CPU.Build.0 = Debug|Any CPU
		{148E457C-5A78-43AE-9982-F39AD4084AB0}.Debug|x64.ActiveCfg = Debug|Any CPU
		{148E457C-5A78-43AE-9982-F39AD4084AB0}.Debug|x64.Build.0 = Debug|Any CPU
		{148E457C-5A78-43AE-9982-F39AD4084AB0}.Debug|x86.ActiveCfg = Debug|Any CPU
		{148E457C-5A78-43AE-9982-F39AD4084AB0}.Debug|x86.Build.0 = Debug|Any CPU
		{148E457C-5A78-43AE-9982-F39AD4084AB0}.Release|Any CPU.ActiveCfg = Release|Any CPU
		{148E457C-5A78-43AE-9982-F39AD4084AB0}.Release|Any CPU.Build.0 = Release|Any CPU
		{148E457C-5A78-43AE-9982-F39AD4084AB0}.Release|x64.ActiveCfg = Release|Any CPU
		{148E457C-5A78-43AE-9982-F39AD4084AB0}.Release|x64.Build.0 = Release|Any CPU
		{148E457C-5A78-43AE-9982-F39AD4084AB0}.Release|x86.ActiveCfg = Release|Any CPU
		{148E457C-5A78-43AE-9982-F39AD4084AB0}.Release|x86.Build.0 = Release|Any CPU
		{F215ED64-1009-4915-AEEB-BC242E76758B}.Debug|Any CPU.ActiveCfg = Debug|Any CPU
		{F215ED64-1009-4915-AEEB-BC242E76758B}.Debug|Any CPU.Build.0 = Debug|Any CPU
		{F215ED64-1009-4915-AEEB-BC242E76758B}.Debug|x64.ActiveCfg = Debug|Any CPU
		{F215ED64-1009-4915-AEEB-BC242E76758B}.Debug|x64.Build.0 = Debug|Any CPU
		{F215ED64-1009-4915-AEEB-BC242E76758B}.Debug|x86.ActiveCfg = Debug|Any CPU
		{F215ED64-1009-4915-AEEB-BC242E76758B}.Debug|x86.Build.0 = Debug|Any CPU
		{F215ED64-1009-4915-AEEB-BC242E76758B}.Release|Any CPU.ActiveCfg = Release|Any CPU
		{F215ED64-1009-4915-AEEB-BC242E76758B}.Release|Any CPU.Build.0 = Release|Any CPU
		{F215ED64-1009-4915-AEEB-BC242E76758B}.Release|x64.ActiveCfg = Release|Any CPU
		{F215ED64-1009-4915-AEEB-BC242E76758B}.Release|x64.Build.0 = Release|Any CPU
		{F215ED64-1009-4915-AEEB-BC242E76758B}.Release|x86.ActiveCfg = Release|Any CPU
		{F215ED64-1009-4915-AEEB-BC242E76758B}.Release|x86.Build.0 = Release|Any CPU
		{DCD6C216-FDFE-4269-9F24-C9E60670059F}.Debug|Any CPU.ActiveCfg = Debug|Any CPU
		{DCD6C216-FDFE-4269-9F24-C9E60670059F}.Debug|Any CPU.Build.0 = Debug|Any CPU
		{DCD6C216-FDFE-4269-9F24-C9E60670059F}.Debug|x64.ActiveCfg = Debug|Any CPU
		{DCD6C216-FDFE-4269-9F24-C9E60670059F}.Debug|x64.Build.0 = Debug|Any CPU
		{DCD6C216-FDFE-4269-9F24-C9E60670059F}.Debug|x86.ActiveCfg = Debug|Any CPU
		{DCD6C216-FDFE-4269-9F24-C9E60670059F}.Debug|x86.Build.0 = Debug|Any CPU
		{DCD6C216-FDFE-4269-9F24-C9E60670059F}.Release|Any CPU.ActiveCfg = Release|Any CPU
		{DCD6C216-FDFE-4269-9F24-C9E60670059F}.Release|Any CPU.Build.0 = Release|Any CPU
		{DCD6C216-FDFE-4269-9F24-C9E60670059F}.Release|x64.ActiveCfg = Release|Any CPU
		{DCD6C216-FDFE-4269-9F24-C9E60670059F}.Release|x64.Build.0 = Release|Any CPU
		{DCD6C216-FDFE-4269-9F24-C9E60670059F}.Release|x86.ActiveCfg = Release|Any CPU
		{DCD6C216-FDFE-4269-9F24-C9E60670059F}.Release|x86.Build.0 = Release|Any CPU
		{7C4551F8-C8C1-4229-8384-CEC71645F3E0}.Debug|Any CPU.ActiveCfg = Debug|Any CPU
		{7C4551F8-C8C1-4229-8384-CEC71645F3E0}.Debug|Any CPU.Build.0 = Debug|Any CPU
		{7C4551F8-C8C1-4229-8384-CEC71645F3E0}.Debug|x64.ActiveCfg = Debug|Any CPU
		{7C4551F8-C8C1-4229-8384-CEC71645F3E0}.Debug|x64.Build.0 = Debug|Any CPU
		{7C4551F8-C8C1-4229-8384-CEC71645F3E0}.Debug|x86.ActiveCfg = Debug|Any CPU
		{7C4551F8-C8C1-4229-8384-CEC71645F3E0}.Debug|x86.Build.0 = Debug|Any CPU
		{7C4551F8-C8C1-4229-8384-CEC71645F3E0}.Release|Any CPU.ActiveCfg = Release|Any CPU
		{7C4551F8-C8C1-4229-8384-CEC71645F3E0}.Release|Any CPU.Build.0 = Release|Any CPU
		{7C4551F8-C8C1-4229-8384-CEC71645F3E0}.Release|x64.ActiveCfg = Release|Any CPU
		{7C4551F8-C8C1-4229-8384-CEC71645F3E0}.Release|x64.Build.0 = Release|Any CPU
		{7C4551F8-C8C1-4229-8384-CEC71645F3E0}.Release|x86.ActiveCfg = Release|Any CPU
		{7C4551F8-C8C1-4229-8384-CEC71645F3E0}.Release|x86.Build.0 = Release|Any CPU
		{70AFBD83-12AD-4E64-B0C3-D4AF7CE981A2}.Debug|Any CPU.ActiveCfg = Debug|Any CPU
		{70AFBD83-12AD-4E64-B0C3-D4AF7CE981A2}.Debug|Any CPU.Build.0 = Debug|Any CPU
		{70AFBD83-12AD-4E64-B0C3-D4AF7CE981A2}.Debug|x64.ActiveCfg = Debug|Any CPU
		{70AFBD83-12AD-4E64-B0C3-D4AF7CE981A2}.Debug|x64.Build.0 = Debug|Any CPU
		{70AFBD83-12AD-4E64-B0C3-D4AF7CE981A2}.Debug|x86.ActiveCfg = Debug|Any CPU
		{70AFBD83-12AD-4E64-B0C3-D4AF7CE981A2}.Debug|x86.Build.0 = Debug|Any CPU
		{70AFBD83-12AD-4E64-B0C3-D4AF7CE981A2}.Release|Any CPU.ActiveCfg = Release|Any CPU
		{70AFBD83-12AD-4E64-B0C3-D4AF7CE981A2}.Release|Any CPU.Build.0 = Release|Any CPU
		{70AFBD83-12AD-4E64-B0C3-D4AF7CE981A2}.Release|x64.ActiveCfg = Release|Any CPU
		{70AFBD83-12AD-4E64-B0C3-D4AF7CE981A2}.Release|x64.Build.0 = Release|Any CPU
		{70AFBD83-12AD-4E64-B0C3-D4AF7CE981A2}.Release|x86.ActiveCfg = Release|Any CPU
		{70AFBD83-12AD-4E64-B0C3-D4AF7CE981A2}.Release|x86.Build.0 = Release|Any CPU
		{3431DC8A-9CCF-47B8-B5AF-2560BDD61231}.Debug|Any CPU.ActiveCfg = Debug|Any CPU
		{3431DC8A-9CCF-47B8-B5AF-2560BDD61231}.Debug|Any CPU.Build.0 = Debug|Any CPU
		{3431DC8A-9CCF-47B8-B5AF-2560BDD61231}.Debug|x64.ActiveCfg = Debug|Any CPU
		{3431DC8A-9CCF-47B8-B5AF-2560BDD61231}.Debug|x64.Build.0 = Debug|Any CPU
		{3431DC8A-9CCF-47B8-B5AF-2560BDD61231}.Debug|x86.ActiveCfg = Debug|Any CPU
		{3431DC8A-9CCF-47B8-B5AF-2560BDD61231}.Debug|x86.Build.0 = Debug|Any CPU
		{3431DC8A-9CCF-47B8-B5AF-2560BDD61231}.Release|Any CPU.ActiveCfg = Release|Any CPU
		{3431DC8A-9CCF-47B8-B5AF-2560BDD61231}.Release|Any CPU.Build.0 = Release|Any CPU
		{3431DC8A-9CCF-47B8-B5AF-2560BDD61231}.Release|x64.ActiveCfg = Release|Any CPU
		{3431DC8A-9CCF-47B8-B5AF-2560BDD61231}.Release|x64.Build.0 = Release|Any CPU
		{3431DC8A-9CCF-47B8-B5AF-2560BDD61231}.Release|x86.ActiveCfg = Release|Any CPU
		{3431DC8A-9CCF-47B8-B5AF-2560BDD61231}.Release|x86.Build.0 = Release|Any CPU
		{C1EF5803-CCF4-4D35-9967-4EB05D0B0B27}.Debug|Any CPU.ActiveCfg = Debug|Any CPU
		{C1EF5803-CCF4-4D35-9967-4EB05D0B0B27}.Debug|Any CPU.Build.0 = Debug|Any CPU
		{C1EF5803-CCF4-4D35-9967-4EB05D0B0B27}.Debug|x64.ActiveCfg = Debug|Any CPU
		{C1EF5803-CCF4-4D35-9967-4EB05D0B0B27}.Debug|x64.Build.0 = Debug|Any CPU
		{C1EF5803-CCF4-4D35-9967-4EB05D0B0B27}.Debug|x86.ActiveCfg = Debug|Any CPU
		{C1EF5803-CCF4-4D35-9967-4EB05D0B0B27}.Debug|x86.Build.0 = Debug|Any CPU
		{C1EF5803-CCF4-4D35-9967-4EB05D0B0B27}.Release|Any CPU.ActiveCfg = Release|Any CPU
		{C1EF5803-CCF4-4D35-9967-4EB05D0B0B27}.Release|Any CPU.Build.0 = Release|Any CPU
		{C1EF5803-CCF4-4D35-9967-4EB05D0B0B27}.Release|x64.ActiveCfg = Release|Any CPU
		{C1EF5803-CCF4-4D35-9967-4EB05D0B0B27}.Release|x64.Build.0 = Release|Any CPU
		{C1EF5803-CCF4-4D35-9967-4EB05D0B0B27}.Release|x86.ActiveCfg = Release|Any CPU
		{C1EF5803-CCF4-4D35-9967-4EB05D0B0B27}.Release|x86.Build.0 = Release|Any CPU
		{9268434A-A30A-4D90-AAEA-AD6657FE2369}.Debug|Any CPU.ActiveCfg = Debug|Any CPU
		{9268434A-A30A-4D90-AAEA-AD6657FE2369}.Debug|Any CPU.Build.0 = Debug|Any CPU
		{9268434A-A30A-4D90-AAEA-AD6657FE2369}.Debug|x64.ActiveCfg = Debug|Any CPU
		{9268434A-A30A-4D90-AAEA-AD6657FE2369}.Debug|x64.Build.0 = Debug|Any CPU
		{9268434A-A30A-4D90-AAEA-AD6657FE2369}.Debug|x86.ActiveCfg = Debug|Any CPU
		{9268434A-A30A-4D90-AAEA-AD6657FE2369}.Debug|x86.Build.0 = Debug|Any CPU
		{9268434A-A30A-4D90-AAEA-AD6657FE2369}.Release|Any CPU.ActiveCfg = Release|Any CPU
		{9268434A-A30A-4D90-AAEA-AD6657FE2369}.Release|Any CPU.Build.0 = Release|Any CPU
		{9268434A-A30A-4D90-AAEA-AD6657FE2369}.Release|x64.ActiveCfg = Release|Any CPU
		{9268434A-A30A-4D90-AAEA-AD6657FE2369}.Release|x64.Build.0 = Release|Any CPU
		{9268434A-A30A-4D90-AAEA-AD6657FE2369}.Release|x86.ActiveCfg = Release|Any CPU
		{9268434A-A30A-4D90-AAEA-AD6657FE2369}.Release|x86.Build.0 = Release|Any CPU
		{91609195-1843-4763-9445-57127E7C5A23}.Debug|Any CPU.ActiveCfg = Debug|Any CPU
		{91609195-1843-4763-9445-57127E7C5A23}.Debug|Any CPU.Build.0 = Debug|Any CPU
		{91609195-1843-4763-9445-57127E7C5A23}.Debug|x64.ActiveCfg = Debug|Any CPU
		{91609195-1843-4763-9445-57127E7C5A23}.Debug|x64.Build.0 = Debug|Any CPU
		{91609195-1843-4763-9445-57127E7C5A23}.Debug|x86.ActiveCfg = Debug|Any CPU
		{91609195-1843-4763-9445-57127E7C5A23}.Debug|x86.Build.0 = Debug|Any CPU
		{91609195-1843-4763-9445-57127E7C5A23}.Release|Any CPU.ActiveCfg = Release|Any CPU
		{91609195-1843-4763-9445-57127E7C5A23}.Release|Any CPU.Build.0 = Release|Any CPU
		{91609195-1843-4763-9445-57127E7C5A23}.Release|x64.ActiveCfg = Release|Any CPU
		{91609195-1843-4763-9445-57127E7C5A23}.Release|x64.Build.0 = Release|Any CPU
		{91609195-1843-4763-9445-57127E7C5A23}.Release|x86.ActiveCfg = Release|Any CPU
		{91609195-1843-4763-9445-57127E7C5A23}.Release|x86.Build.0 = Release|Any CPU
	EndGlobalSection
	GlobalSection(SolutionProperties) = preSolution
		HideSolutionNode = FALSE
	EndGlobalSection
	GlobalSection(NestedProjects) = preSolution
		{273FFF87-CA69-4471-AC0F-EBC7D4FF5951} = {D833D6CF-6AC7-4BFA-A1CF-77867475F664}
		{3C20A6BB-E127-4CC2-9A41-51FAFF29FD12} = {D833D6CF-6AC7-4BFA-A1CF-77867475F664}
		{148E457C-5A78-43AE-9982-F39AD4084AB0} = {D833D6CF-6AC7-4BFA-A1CF-77867475F664}
		{F215ED64-1009-4915-AEEB-BC242E76758B} = {D833D6CF-6AC7-4BFA-A1CF-77867475F664}
		{DCD6C216-FDFE-4269-9F24-C9E60670059F} = {D833D6CF-6AC7-4BFA-A1CF-77867475F664}
		{7C4551F8-C8C1-4229-8384-CEC71645F3E0} = {D833D6CF-6AC7-4BFA-A1CF-77867475F664}
		{70AFBD83-12AD-4E64-B0C3-D4AF7CE981A2} = {D833D6CF-6AC7-4BFA-A1CF-77867475F664}
		{3431DC8A-9CCF-47B8-B5AF-2560BDD61231} = {D833D6CF-6AC7-4BFA-A1CF-77867475F664}
		{C1EF5803-CCF4-4D35-9967-4EB05D0B0B27} = {D833D6CF-6AC7-4BFA-A1CF-77867475F664}
		{9268434A-A30A-4D90-AAEA-AD6657FE2369} = {D833D6CF-6AC7-4BFA-A1CF-77867475F664}
		{91609195-1843-4763-9445-57127E7C5A23} = {D833D6CF-6AC7-4BFA-A1CF-77867475F664}
	EndGlobalSection
	GlobalSection(ExtensibilityGlobals) = postSolution
		SolutionGuid = {A27919E5-CF3F-4E07-B027-B6A1E968E8EE}
	EndGlobalSection
EndGlobal
